{
  "nodes": {
    "neovim-pi": {
      "flake": false,
      "locked": {
        "lastModified": 1779154411,
        "narHash": "sha256-su8cQGhuEjXlKgtsdyQy9AuNu4MRk77eNOGcQxfNQKo=",
        "owner": "Jitsusama",
        "repo": "neovim.pi",
        "rev": "077a50503439b00be38a65d920b001542622d79d",
        "type": "github"
      },
      "original": {
        "owner": "Jitsusama",
        "repo": "neovim.pi",
        "type": "github"
      }
    },
    "root": {
      "inputs": {
        "neovim-pi": "neovim-pi",
        "wallpapers": "wallpapers"
      }
    },
    "wallpapers": {
      "locked": {
        "lastModified": 1759889113,
        "narHash": "sha256-jzfSApNJ/64BuRZpOHHJDogWPm1Zyff4ipNF3NfBRBo=",
        "owner": "Jitsusama",
        "repo": "wallpapers.nix",
        "rev": "9a4c725e3a1c8be6dd30768512b6a3684a260f3c",
        "type": "github"
      },
      "original": {
        "owner": "Jitsusama",
        "repo": "wallpapers.nix",
        "type": "github"
      }
    }
  },
  "root": "root",
  "version": 7
}
