{
  "nodes": {
    "neovim-pi": {
      "flake": false,
      "locked": {
        "lastModified": 1781807489,
        "narHash": "sha256-mpPg2W+VfGU9PcTJtbVI6awc/zp7KsKsCEUvyGdUryY=",
        "owner": "Jitsusama",
        "repo": "neovim.pi",
        "rev": "1e216f4d42371633d05f5abaddeb5f601703ad36",
        "type": "github"
      },
      "original": {
        "owner": "Jitsusama",
        "repo": "neovim.pi",
        "type": "github"
      }
    },
    "root": {
      "inputs": {
        "neovim-pi": "neovim-pi",
        "wallpapers": "wallpapers"
      }
    },
    "wallpapers": {
      "locked": {
        "lastModified": 1759889113,
        "narHash": "sha256-jzfSApNJ/64BuRZpOHHJDogWPm1Zyff4ipNF3NfBRBo=",
        "owner": "Jitsusama",
        "repo": "wallpapers.nix",
        "rev": "9a4c725e3a1c8be6dd30768512b6a3684a260f3c",
        "type": "github"
      },
      "original": {
        "owner": "Jitsusama",
        "repo": "wallpapers.nix",
        "type": "github"
      }
    }
  },
  "root": "root",
  "version": 7
}
